// !$*UTF8*$!
{
	archiveVersion = 1;
	classes = {
	};
	objectVersion = 50;
	objects = {

/* Begin PBXBuildFile section */
		9105463B257E04B900662437 /* 04-part2.swift in Sources */ = {isa = PBXBuildFile; fileRef = 9105463A257E04B900662437 /* 04-part2.swift */; };
		91054641257E095D00662437 /* 05-part1.swift in Sources */ = {isa = PBXBuildFile; fileRef = 91054640257E095D00662437 /* 05-part1.swift */; };
		91054645257E0DBA00662437 /* 05-part2.swift in Sources */ = {isa = PBXBuildFile; fileRef = 91054644257E0DBA00662437 /* 05-part2.swift */; };
		9105464A257E0FDC00662437 /* 06-part1.swift in Sources */ = {isa = PBXBuildFile; fileRef = 91054649257E0FDC00662437 /* 06-part1.swift */; };
		9105464D257E10B300662437 /* 06-part2.swift in Sources */ = {isa = PBXBuildFile; fileRef = 9105464C257E10B300662437 /* 06-part2.swift */; };
		91FE5596257D551500A0E42D /* 01-part1.swift in Sources */ = {isa = PBXBuildFile; fileRef = 91FE5595257D551500A0E42D /* 01-part1.swift */; };
		91FE5599257D586B00A0E42D /* 01-part2.swift in Sources */ = {isa = PBXBuildFile; fileRef = 91FE5598257D586B00A0E42D /* 01-part2.swift */; };
		91FE559F257D5BF100A0E42D /* 02-part1.swift in Sources */ = {isa = PBXBuildFile; fileRef = 91FE559E257D5BF100A0E42D /* 02-part1.swift */; };
		91FE55A6257D622500A0E42D /* 02-part2.swift in Sources */ = {isa = PBXBuildFile; fileRef = 91FE55A5257D622500A0E42D /* 02-part2.swift */; };
		91FE55AC257DC12C00A0E42D /* 03-part1.swift in Sources */ = {isa = PBXBuildFile; fileRef = 91FE55AB257DC12C00A0E42D /* 03-part1.swift */; };
		91FE55B0257DC3F900A0E42D /* 03-part2.swift in Sources */ = {isa = PBXBuildFile; fileRef = 91FE55AF257DC3F900A0E42D /* 03-part2.swift */; };
		91FE55B6257DF15400A0E42D /* 07-part1.swift in Sources */ = {isa = PBXBuildFile; fileRef = 91FE55B4257DF15400A0E42D /* 07-part1.swift */; };
		91FE55BA257DF71F00A0E42D /* 07-part2.swift in Sources */ = {isa = PBXBuildFile; fileRef = 91FE55B9257DF71E00A0E42D /* 07-part2.swift */; };
		91FE55C0257E023B00A0E42D /* 04-part1.swift in Sources */ = {isa = PBXBuildFile; fileRef = 91FE55BE257E023B00A0E42D /* 04-part1.swift */; };
/* End PBXBuildFile section */

/* Begin PBXCopyFilesBuildPhase section */
		91FE5572257D529F00A0E42D /* CopyFiles */ = {
			isa = PBXCopyFilesBuildPhase;
			buildActionMask = 2147483647;
			dstPath = /usr/share/man/man1/;
			dstSubfolderSpec = 0;
			files = (
			);
			runOnlyForDeploymentPostprocessing = 1;
		};
/* End PBXCopyFilesBuildPhase section */

/* Begin PBXFileReference section */
		9105463A257E04B900662437 /* 04-part2.swift */ = {isa = PBXFileReference; fileEncoding = 4; lastKnownFileType = sourcecode.swift; path = "04-part2.swift"; sourceTree = "<group>"; };
		9105463F257E095D00662437 /* input.txt */ = {isa = PBXFileReference; fileEncoding = 4; lastKnownFileType = text; path = input.txt; sourceTree = "<group>"; };
		91054640257E095D00662437 /* 05-part1.swift */ = {isa = PBXFileReference; fileEncoding = 4; lastKnownFileType = sourcecode.swift; path = "05-part1.swift"; sourceTree = "<group>"; };
		91054644257E0DBA00662437 /* 05-part2.swift */ = {isa = PBXFileReference; fileEncoding = 4; lastKnownFileType = sourcecode.swift; path = "05-part2.swift"; sourceTree = "<group>"; };
		91054648257E0FDC00662437 /* input.txt */ = {isa = PBXFileReference; fileEncoding = 4; lastKnownFileType = text; path = input.txt; sourceTree = "<group>"; };
		91054649257E0FDC00662437 /* 06-part1.swift */ = {isa = PBXFileReference; fileEncoding = 4; lastKnownFileType = sourcecode.swift; path = "06-part1.swift"; sourceTree = "<group>"; };
		9105464C257E10B300662437 /* 06-part2.swift */ = {isa = PBXFileReference; fileEncoding = 4; lastKnownFileType = sourcecode.swift; path = "06-part2.swift"; sourceTree = "<group>"; };
		91FE5574257D529F00A0E42D /* Advent Of Code 2020 */ = {isa = PBXFileReference; explicitFileType = "compiled.mach-o.executable"; includeInIndex = 0; path = "Advent Of Code 2020"; sourceTree = BUILT_PRODUCTS_DIR; };
		91FE5590257D551500A0E42D /* Advent Of Code 2020.xcodeproj */ = {isa = PBXFileReference; lastKnownFileType = "wrapper.pb-project"; path = "Advent Of Code 2020.xcodeproj"; sourceTree = "<group>"; };
		91FE5594257D551500A0E42D /* input.txt */ = {isa = PBXFileReference; fileEncoding = 4; lastKnownFileType = text; path = input.txt; sourceTree = "<group>"; };
		91FE5595257D551500A0E42D /* 01-part1.swift */ = {isa = PBXFileReference; fileEncoding = 4; lastKnownFileType = sourcecode.swift; path = "01-part1.swift"; sourceTree = "<group>"; };
		91FE5598257D586B00A0E42D /* 01-part2.swift */ = {isa = PBXFileReference; fileEncoding = 4; lastKnownFileType = sourcecode.swift; path = "01-part2.swift"; sourceTree = "<group>"; };
		91FE559D257D5BF100A0E42D /* input.txt */ = {isa = PBXFileReference; fileEncoding = 4; lastKnownFileType = text; path = input.txt; sourceTree = "<group>"; };
		91FE559E257D5BF100A0E42D /* 02-part1.swift */ = {isa = PBXFileReference; fileEncoding = 4; lastKnownFileType = sourcecode.swift; path = "02-part1.swift"; sourceTree = "<group>"; };
		91FE55A5257D622500A0E42D /* 02-part2.swift */ = {isa = PBXFileReference; fileEncoding = 4; lastKnownFileType = sourcecode.swift; path = "02-part2.swift"; sourceTree = "<group>"; };
		91FE55AA257DC12C00A0E42D /* input.txt */ = {isa = PBXFileReference; fileEncoding = 4; lastKnownFileType = text; path = input.txt; sourceTree = "<group>"; };
		91FE55AB257DC12C00A0E42D /* 03-part1.swift */ = {isa = PBXFileReference; fileEncoding = 4; lastKnownFileType = sourcecode.swift; path = "03-part1.swift"; sourceTree = "<group>"; };
		91FE55AF257DC3F900A0E42D /* 03-part2.swift */ = {isa = PBXFileReference; fileEncoding = 4; lastKnownFileType = sourcecode.swift; path = "03-part2.swift"; sourceTree = "<group>"; };
		91FE55B4257DF15400A0E42D /* 07-part1.swift */ = {isa = PBXFileReference; fileEncoding = 4; lastKnownFileType = sourcecode.swift; path = "07-part1.swift"; sourceTree = "<group>"; };
		91FE55B5257DF15400A0E42D /* input.txt */ = {isa = PBXFileReference; fileEncoding = 4; lastKnownFileType = text; path = input.txt; sourceTree = "<group>"; };
		91FE55B9257DF71E00A0E42D /* 07-part2.swift */ = {isa = PBXFileReference; fileEncoding = 4; lastKnownFileType = sourcecode.swift; path = "07-part2.swift"; sourceTree = "<group>"; };
		91FE55BE257E023B00A0E42D /* 04-part1.swift */ = {isa = PBXFileReference; fileEncoding = 4; lastKnownFileType = sourcecode.swift; path = "04-part1.swift"; sourceTree = "<group>"; };
		91FE55BF257E023B00A0E42D /* input.txt */ = {isa = PBXFileReference; fileEncoding = 4; lastKnownFileType = text; path = input.txt; sourceTree = "<group>"; };
/* End PBXFileReference section */

/* Begin PBXFrameworksBuildPhase section */
		91FE5571257D529F00A0E42D /* Frameworks */ = {
			isa = PBXFrameworksBuildPhase;
			buildActionMask = 2147483647;
			files = (
			);
			runOnlyForDeploymentPostprocessing = 0;
		};
/* End PBXFrameworksBuildPhase section */

/* Begin PBXGroup section */
		9105463E257E095D00662437 /* 05 */ = {
			isa = PBXGroup;
			children = (
				91054640257E095D00662437 /* 05-part1.swift */,
				91054644257E0DBA00662437 /* 05-part2.swift */,
				9105463F257E095D00662437 /* input.txt */,
			);
			path = 05;
			sourceTree = "<group>";
		};
		91054647257E0FDC00662437 /* 06 */ = {
			isa = PBXGroup;
			children = (
				91054649257E0FDC00662437 /* 06-part1.swift */,
				9105464C257E10B300662437 /* 06-part2.swift */,
				91054648257E0FDC00662437 /* input.txt */,
			);
			path = 06;
			sourceTree = "<group>";
		};
		91FE556B257D529F00A0E42D = {
			isa = PBXGroup;
			children = (
				91FE558F257D551500A0E42D /* 2020 */,
				91FE5575257D529F00A0E42D /* Products */,
			);
			sourceTree = "<group>";
		};
		91FE5575257D529F00A0E42D /* Products */ = {
			isa = PBXGroup;
			children = (
				91FE5574257D529F00A0E42D /* Advent Of Code 2020 */,
			);
			name = Products;
			sourceTree = "<group>";
		};
		91FE558F257D551500A0E42D /* 2020 */ = {
			isa = PBXGroup;
			children = (
				91FE5593257D551500A0E42D /* 01 */,
				91FE559C257D5BF100A0E42D /* 02 */,
				91FE55A9257DC12C00A0E42D /* 03 */,
				91FE55BD257E023B00A0E42D /* 04 */,
				9105463E257E095D00662437 /* 05 */,
				91054647257E0FDC00662437 /* 06 */,
				91FE55B3257DF15400A0E42D /* 07 */,
				91FE5590257D551500A0E42D /* Advent Of Code 2020.xcodeproj */,
			);
			name = 2020;
			sourceTree = "<group>";
		};
		91FE5591257D551500A0E42D /* Products */ = {
			isa = PBXGroup;
			name = Products;
			sourceTree = "<group>";
		};
		91FE5593257D551500A0E42D /* 01 */ = {
			isa = PBXGroup;
			children = (
				91FE5594257D551500A0E42D /* input.txt */,
				91FE5595257D551500A0E42D /* 01-part1.swift */,
				91FE5598257D586B00A0E42D /* 01-part2.swift */,
			);
			path = 01;
			sourceTree = "<group>";
		};
		91FE559C257D5BF100A0E42D /* 02 */ = {
			isa = PBXGroup;
			children = (
				91FE559E257D5BF100A0E42D /* 02-part1.swift */,
				91FE55A5257D622500A0E42D /* 02-part2.swift */,
				91FE559D257D5BF100A0E42D /* input.txt */,
			);
			path = 02;
			sourceTree = "<group>";
		};
		91FE55A9257DC12C00A0E42D /* 03 */ = {
			isa = PBXGroup;
			children = (
				91FE55AB257DC12C00A0E42D /* 03-part1.swift */,
				91FE55AF257DC3F900A0E42D /* 03-part2.swift */,
				91FE55AA257DC12C00A0E42D /* input.txt */,
			);
			path = 03;
			sourceTree = "<group>";
		};
		91FE55B3257DF15400A0E42D /* 07 */ = {
			isa = PBXGroup;
			children = (
				91FE55B4257DF15400A0E42D /* 07-part1.swift */,
				91FE55B9257DF71E00A0E42D /* 07-part2.swift */,
				91FE55B5257DF15400A0E42D /* input.txt */,
			);
			path = 07;
			sourceTree = "<group>";
		};
		91FE55BD257E023B00A0E42D /* 04 */ = {
			isa = PBXGroup;
			children = (
				91FE55BE257E023B00A0E42D /* 04-part1.swift */,
				9105463A257E04B900662437 /* 04-part2.swift */,
				91FE55BF257E023B00A0E42D /* input.txt */,
			);
			path = 04;
			sourceTree = "<group>";
		};
/* End PBXGroup section */

/* Begin PBXNativeTarget section */
		91FE5573257D529F00A0E42D /* Advent Of Code 2020 */ = {
			isa = PBXNativeTarget;
			buildConfigurationList = 91FE557B257D529F00A0E42D /* Build configuration list for PBXNativeTarget "Advent Of Code 2020" */;
			buildPhases = (
				91FE5570257D529F00A0E42D /* Sources */,
				91FE5571257D529F00A0E42D /* Frameworks */,
				91FE5572257D529F00A0E42D /* CopyFiles */,
			);
			buildRules = (
			);
			dependencies = (
			);
			name = "Advent Of Code 2020";
			productName = "Advent Of Code 2020";
			productReference = 91FE5574257D529F00A0E42D /* Advent Of Code 2020 */;
			productType = "com.apple.product-type.tool";
		};
/* End PBXNativeTarget section */

/* Begin PBXProject section */
		91FE556C257D529F00A0E42D /* Project object */ = {
			isa = PBXProject;
			attributes = {
				LastSwiftUpdateCheck = 1220;
				LastUpgradeCheck = 1220;
				TargetAttributes = {
					91FE5573257D529F00A0E42D = {
						CreatedOnToolsVersion = 12.2;
					};
				};
			};
			buildConfigurationList = 91FE556F257D529F00A0E42D /* Build configuration list for PBXProject "Advent Of Code 2020" */;
			compatibilityVersion = "Xcode 9.3";
			developmentRegion = en;
			hasScannedForEncodings = 0;
			knownRegions = (
				en,
				Base,
			);
			mainGroup = 91FE556B257D529F00A0E42D;
			productRefGroup = 91FE5575257D529F00A0E42D /* Products */;
			projectDirPath = "";
			projectReferences = (
				{
					ProductGroup = 91FE5591257D551500A0E42D /* Products */;
					ProjectRef = 91FE5590257D551500A0E42D /* Advent Of Code 2020.xcodeproj */;
				},
			);
			projectRoot = "";
			targets = (
				91FE5573257D529F00A0E42D /* Advent Of Code 2020 */,
			);
		};
/* End PBXProject section */

/* Begin PBXSourcesBuildPhase section */
		91FE5570257D529F00A0E42D /* Sources */ = {
			isa = PBXSourcesBuildPhase;
			buildActionMask = 2147483647;
			files = (
				91FE55B0257DC3F900A0E42D /* 03-part2.swift in Sources */,
				91FE55AC257DC12C00A0E42D /* 03-part1.swift in Sources */,
				91FE559F257D5BF100A0E42D /* 02-part1.swift in Sources */,
				91FE55C0257E023B00A0E42D /* 04-part1.swift in Sources */,
				91054645257E0DBA00662437 /* 05-part2.swift in Sources */,
				91FE55A6257D622500A0E42D /* 02-part2.swift in Sources */,
				91FE55B6257DF15400A0E42D /* 07-part1.swift in Sources */,
				91FE5596257D551500A0E42D /* 01-part1.swift in Sources */,
				91FE55BA257DF71F00A0E42D /* 07-part2.swift in Sources */,
				91054641257E095D00662437 /* 05-part1.swift in Sources */,
				91FE5599257D586B00A0E42D /* 01-part2.swift in Sources */,
				9105464D257E10B300662437 /* 06-part2.swift in Sources */,
				9105463B257E04B900662437 /* 04-part2.swift in Sources */,
				9105464A257E0FDC00662437 /* 06-part1.swift in Sources */,
			);
			runOnlyForDeploymentPostprocessing = 0;
		};
/* End PBXSourcesBuildPhase section */

/* Begin XCBuildConfiguration section */
		91FE5579257D529F00A0E42D /* Debug */ = {
			isa = XCBuildConfiguration;
			buildSettings = {
				ALWAYS_SEARCH_USER_PATHS = NO;
				CLANG_ANALYZER_NONNULL = YES;
				CLANG_ANALYZER_NUMBER_OBJECT_CONVERSION = YES_AGGRESSIVE;
				CLANG_CXX_LANGUAGE_STANDARD = "gnu++14";
				CLANG_CXX_LIBRARY = "libc++";
				CLANG_ENABLE_MODULES = YES;
				CLANG_ENABLE_OBJC_ARC = YES;
				CLANG_ENABLE_OBJC_WEAK = YES;
				CLANG_WARN_BLOCK_CAPTURE_AUTORELEASING = YES;
				CLANG_WARN_BOOL_CONVERSION = YES;
				CLANG_WARN_COMMA = YES;
				CLANG_WARN_CONSTANT_CONVERSION = YES;
				CLANG_WARN_DEPRECATED_OBJC_IMPLEMENTATIONS = YES;
				CLANG_WARN_DIRECT_OBJC_ISA_USAGE = YES_ERROR;
				CLANG_WARN_DOCUMENTATION_COMMENTS = YES;
				CLANG_WARN_EMPTY_BODY = YES;
				CLANG_WARN_ENUM_CONVERSION = YES;
				CLANG_WARN_INFINITE_RECURSION = YES;
				CLANG_WARN_INT_CONVERSION = YES;
				CLANG_WARN_NON_LITERAL_NULL_CONVERSION = YES;
				CLANG_WARN_OBJC_IMPLICIT_RETAIN_SELF = YES;
				CLANG_WARN_OBJC_LITERAL_CONVERSION = YES;
				CLANG_WARN_OBJC_ROOT_CLASS = YES_ERROR;
				CLANG_WARN_QUOTED_INCLUDE_IN_FRAMEWORK_HEADER = YES;
				CLANG_WARN_RANGE_LOOP_ANALYSIS = YES;
				CLANG_WARN_STRICT_PROTOTYPES = YES;
				CLANG_WARN_SUSPICIOUS_MOVE = YES;
				CLANG_WARN_UNGUARDED_AVAILABILITY = YES_AGGRESSIVE;
				CLANG_WARN_UNREACHABLE_CODE = YES;
				CLANG_WARN__DUPLICATE_METHOD_MATCH = YES;
				COPY_PHASE_STRIP = NO;
				DEBUG_INFORMATION_FORMAT = dwarf;
				ENABLE_STRICT_OBJC_MSGSEND = YES;
				ENABLE_TESTABILITY = YES;
				GCC_C_LANGUAGE_STANDARD = gnu11;
				GCC_DYNAMIC_NO_PIC = NO;
				GCC_NO_COMMON_BLOCKS = YES;
				GCC_OPTIMIZATION_LEVEL = 0;
				GCC_PREPROCESSOR_DEFINITIONS = (
					"DEBUG=1",
					"$(inherited)",
				);
				GCC_WARN_64_TO_32_BIT_CONVERSION = YES;
				GCC_WARN_ABOUT_RETURN_TYPE = YES_ERROR;
				GCC_WARN_UNDECLARED_SELECTOR = YES;
				GCC_WARN_UNINITIALIZED_AUTOS = YES_AGGRESSIVE;
				GCC_WARN_UNUSED_FUNCTION = YES;
				GCC_WARN_UNUSED_VARIABLE = YES;
				MACOSX_DEPLOYMENT_TARGET = 10.15;
				MTL_ENABLE_DEBUG_INFO = INCLUDE_SOURCE;
				MTL_FAST_MATH = YES;
				ONLY_ACTIVE_ARCH = YES;
				SDKROOT = macosx;
				SWIFT_ACTIVE_COMPILATION_CONDITIONS = DEBUG;
				SWIFT_OPTIMIZATION_LEVEL = "-Onone";
			};
			name = Debug;
		};
		91FE557A257D529F00A0E42D /* Release */ = {
			isa = XCBuildConfiguration;
			buildSettings = {
				ALWAYS_SEARCH_USER_PATHS = NO;
				CLANG_ANALYZER_NONNULL = YES;
				CLANG_ANALYZER_NUMBER_OBJECT_CONVERSION = YES_AGGRESSIVE;
				CLANG_CXX_LANGUAGE_STANDARD = "gnu++14";
				CLANG_CXX_LIBRARY = "libc++";
				CLANG_ENABLE_MODULES = YES;
				CLANG_ENABLE_OBJC_ARC = YES;
				CLANG_ENABLE_OBJC_WEAK = YES;
				CLANG_WARN_BLOCK_CAPTURE_AUTORELEASING = YES;
				CLANG_WARN_BOOL_CONVERSION = YES;
				CLANG_WARN_COMMA = YES;
				CLANG_WARN_CONSTANT_CONVERSION = YES;
				CLANG_WARN_DEPRECATED_OBJC_IMPLEMENTATIONS = YES;
				CLANG_WARN_DIRECT_OBJC_ISA_USAGE = YES_ERROR;
				CLANG_WARN_DOCUMENTATION_COMMENTS = YES;
				CLANG_WARN_EMPTY_BODY = YES;
				CLANG_WARN_ENUM_CONVERSION = YES;
				CLANG_WARN_INFINITE_RECURSION = YES;
				CLANG_WARN_INT_CONVERSION = YES;
				CLANG_WARN_NON_LITERAL_NULL_CONVERSION = YES;
				CLANG_WARN_OBJC_IMPLICIT_RETAIN_SELF = YES;
				CLANG_WARN_OBJC_LITERAL_CONVERSION = YES;
				CLANG_WARN_OBJC_ROOT_CLASS = YES_ERROR;
				CLANG_WARN_QUOTED_INCLUDE_IN_FRAMEWORK_HEADER = YES;
				CLANG_WARN_RANGE_LOOP_ANALYSIS = YES;
				CLANG_WARN_STRICT_PROTOTYPES = YES;
				CLANG_WARN_SUSPICIOUS_MOVE = YES;
				CLANG_WARN_UNGUARDED_AVAILABILITY = YES_AGGRESSIVE;
				CLANG_WARN_UNREACHABLE_CODE = YES;
				CLANG_WARN__DUPLICATE_METHOD_MATCH = YES;
				COPY_PHASE_STRIP = NO;
				DEBUG_INFORMATION_FORMAT = "dwarf-with-dsym";
				ENABLE_NS_ASSERTIONS = NO;
				ENABLE_STRICT_OBJC_MSGSEND = YES;
				GCC_C_LANGUAGE_STANDARD = gnu11;
				GCC_NO_COMMON_BLOCKS = YES;
				GCC_WARN_64_TO_32_BIT_CONVERSION = YES;
				GCC_WARN_ABOUT_RETURN_TYPE = YES_ERROR;
				GCC_WARN_UNDECLARED_SELECTOR = YES;
				GCC_WARN_UNINITIALIZED_AUTOS = YES_AGGRESSIVE;
				GCC_WARN_UNUSED_FUNCTION = YES;
				GCC_WARN_UNUSED_VARIABLE = YES;
				MACOSX_DEPLOYMENT_TARGET = 10.15;
				MTL_ENABLE_DEBUG_INFO = NO;
				MTL_FAST_MATH = YES;
				SDKROOT = macosx;
				SWIFT_COMPILATION_MODE = wholemodule;
				SWIFT_OPTIMIZATION_LEVEL = "-O";
			};
			name = Release;
		};
		91FE557C257D529F00A0E42D /* Debug */ = {
			isa = XCBuildConfiguration;
			buildSettings = {
				CODE_SIGN_STYLE = Automatic;
				PRODUCT_NAME = "$(TARGET_NAME)";
				SWIFT_VERSION = 5.0;
			};
			name = Debug;
		};
		91FE557D257D529F00A0E42D /* Release */ = {
			isa = XCBuildConfiguration;
			buildSettings = {
				CODE_SIGN_STYLE = Automatic;
				PRODUCT_NAME = "$(TARGET_NAME)";
				SWIFT_VERSION = 5.0;
			};
			name = Release;
		};
/* End XCBuildConfiguration section */

/* Begin XCConfigurationList section */
		91FE556F257D529F00A0E42D /* Build configuration list for PBXProject "Advent Of Code 2020" */ = {
			isa = XCConfigurationList;
			buildConfigurations = (
				91FE5579257D529F00A0E42D /* Debug */,
				91FE557A257D529F00A0E42D /* Release */,
			);
			defaultConfigurationIsVisible = 0;
			defaultConfigurationName = Release;
		};
		91FE557B257D529F00A0E42D /* Build configuration list for PBXNativeTarget "Advent Of Code 2020" */ = {
			isa = XCConfigurationList;
			buildConfigurations = (
				91FE557C257D529F00A0E42D /* Debug */,
				91FE557D257D529F00A0E42D /* Release */,
			);
			defaultConfigurationIsVisible = 0;
			defaultConfigurationName = Release;
		};
/* End XCConfigurationList section */
	};
	rootObject = 91FE556C257D529F00A0E42D /* Project object */;
}
